
Microsoft Visual Studio Solution File, Format Version 12.00
# Visual Studio Version 17
VisualStudioVersion = 17.11.35327.3
MinimumVisualStudioVersion = 10.0.40219.1
Project("{FAE04EC0-301F-11D3-BF4B-00C04F79EFBC}") = "Restaurant", "Restaurant\Restaurant.csproj", "{5355AE20-10B1-43CB-BF6B-8F1E0C64C1FC}"
EndProject
Global
	GlobalSection(SolutionConfigurationPlatforms) = preSolution
		Debug|Any CPU = Debug|Any CPU
		Release|Any CPU = Release|Any CPU
	EndGlobalSection
	GlobalSection(ProjectConfigurationPlatforms) = postSolution
		{5355AE20-10B1-43CB-BF6B-8F1E0C64C1FC}.Debug|Any CPU.ActiveCfg = Debug|Any CPU
		{5355AE20-10B1-43CB-BF6B-8F1E0C64C1FC}.Debug|Any CPU.Build.0 = Debug|Any CPU
		{5355AE20-10B1-43CB-BF6B-8F1E0C64C1FC}.Release|Any CPU.ActiveCfg = Release|Any CPU
		{5355AE20-10B1-43CB-BF6B-8F1E0C64C1FC}.Release|Any CPU.Build.0 = Release|Any CPU
	EndGlobalSection
	GlobalSection(SolutionProperties) = preSolution
		HideSolutionNode = FALSE
	EndGlobalSection
	GlobalSection(ExtensibilityGlobals) = postSolution
		SolutionGuid = {273A329B-2505-461D-A908-606AA56FA7F3}
	EndGlobalSection
EndGlobal
